
Microsoft Visual Studio Solution File, Format Version 12.00
# Visual Studio Version 17
VisualStudioVersion = 17.1.32328.378
MinimumVisualStudioVersion = 10.0.40219.1
Project("{9A19103F-16F7-4668-BE54-9A1E7A4F7556}") = "BankSystemApi", "BankSystemApi\BankSystemApi.csproj", "{AABECCA0-50B0-4CDD-80E5-648D380737CA}"
EndProject
Project("{FAE04EC0-301F-11D3-BF4B-00C04F79EFBC}") = "BankSystemTests", "BankSystemTests\BankSystemTests.csproj", "{D2DAE696-3021-420F-9861-6E64DC59AAB9}"
EndProject
Global
	GlobalSection(SolutionConfigurationPlatforms) = preSolution
		Debug|Any CPU = Debug|Any CPU
		Release|Any CPU = Release|Any CPU
	EndGlobalSection
	GlobalSection(ProjectConfigurationPlatforms) = postSolution
		{AABECCA0-50B0-4CDD-80E5-648D380737CA}.Debug|Any CPU.ActiveCfg = Debug|Any CPU
		{AABECCA0-50B0-4CDD-80E5-648D380737CA}.Debug|Any CPU.Build.0 = Debug|Any CPU
		{AABECCA0-50B0-4CDD-80E5-648D380737CA}.Release|Any CPU.ActiveCfg = Release|Any CPU
		{AABECCA0-50B0-4CDD-80E5-648D380737CA}.Release|Any CPU.Build.0 = Release|Any CPU
		{D2DAE696-3021-420F-9861-6E64DC59AAB9}.Debug|Any CPU.ActiveCfg = Debug|Any CPU
		{D2DAE696-3021-420F-9861-6E64DC59AAB9}.Debug|Any CPU.Build.0 = Debug|Any CPU
		{D2DAE696-3021-420F-9861-6E64DC59AAB9}.Release|Any CPU.ActiveCfg = Release|Any CPU
		{D2DAE696-3021-420F-9861-6E64DC59AAB9}.Release|Any CPU.Build.0 = Release|Any CPU
	EndGlobalSection
	GlobalSection(SolutionProperties) = preSolution
		HideSolutionNode = FALSE
	EndGlobalSection
	GlobalSection(ExtensibilityGlobals) = postSolution
		SolutionGuid = {B6C9C19E-C791-44F1-8507-8FC425228B9F}
	EndGlobalSection
EndGlobal
